// !$*UTF8*$!
{
	archiveVersion = 1;
	classes = {
	};
	objectVersion = 50;
	objects = {

/* Begin PBXBuildFile section */
		C4AD5A4022584EF6006E3982 /* AppDelegate.swift in Sources */ = {isa = PBXBuildFile; fileRef = C4AD5A3F22584EF6006E3982 /* AppDelegate.swift */; };
		C4AD5A4222584EF6006E3982 /* TodayController.swift in Sources */ = {isa = PBXBuildFile; fileRef = C4AD5A4122584EF6006E3982 /* TodayController.swift */; };
		C4AD5A4522584EF6006E3982 /* Main.storyboard in Resources */ = {isa = PBXBuildFile; fileRef = C4AD5A4322584EF6006E3982 /* Main.storyboard */; };
		C4AD5A4722584EF8006E3982 /* Assets.xcassets in Resources */ = {isa = PBXBuildFile; fileRef = C4AD5A4622584EF8006E3982 /* Assets.xcassets */; };
		C4AD5A4A22584EF8006E3982 /* LaunchScreen.storyboard in Resources */ = {isa = PBXBuildFile; fileRef = C4AD5A4822584EF8006E3982 /* LaunchScreen.storyboard */; };
		C4AD5A5222584F0C006E3982 /* UIView+Layout.swift in Sources */ = {isa = PBXBuildFile; fileRef = C4AD5A5122584F0C006E3982 /* UIView+Layout.swift */; };
		C4AD5A5422584F59006E3982 /* BaseListController.swift in Sources */ = {isa = PBXBuildFile; fileRef = C4AD5A5322584F59006E3982 /* BaseListController.swift */; };
		C4AD5A5622584FF0006E3982 /* BaseTabBarController.swift in Sources */ = {isa = PBXBuildFile; fileRef = C4AD5A5522584FF0006E3982 /* BaseTabBarController.swift */; };
		C4F70A6422586665007845F9 /* Extensions.swift in Sources */ = {isa = PBXBuildFile; fileRef = C4F70A6322586665007845F9 /* Extensions.swift */; };
/* End PBXBuildFile section */

/* Begin PBXFileReference section */
		C4AD5A3C22584EF6006E3982 /* AppStoreTodayCellAnimation.app */ = {isa = PBXFileReference; explicitFileType = wrapper.application; includeInIndex = 0; path = AppStoreTodayCellAnimation.app; sourceTree = BUILT_PRODUCTS_DIR; };
		C4AD5A3F22584EF6006E3982 /* AppDelegate.swift */ = {isa = PBXFileReference; lastKnownFileType = sourcecode.swift; path = AppDelegate.swift; sourceTree = "<group>"; };
		C4AD5A4122584EF6006E3982 /* TodayController.swift */ = {isa = PBXFileReference; lastKnownFileType = sourcecode.swift; path = TodayController.swift; sourceTree = "<group>"; };
		C4AD5A4422584EF6006E3982 /* Base */ = {isa = PBXFileReference; lastKnownFileType = file.storyboard; name = Base; path = Base.lproj/Main.storyboard; sourceTree = "<group>"; };
		C4AD5A4622584EF8006E3982 /* Assets.xcassets */ = {isa = PBXFileReference; lastKnownFileType = folder.assetcatalog; path = Assets.xcassets; sourceTree = "<group>"; };
		C4AD5A4922584EF8006E3982 /* Base */ = {isa = PBXFileReference; lastKnownFileType = file.storyboard; name = Base; path = Base.lproj/LaunchScreen.storyboard; sourceTree = "<group>"; };
		C4AD5A4B22584EF8006E3982 /* Info.plist */ = {isa = PBXFileReference; lastKnownFileType = text.plist.xml; path = Info.plist; sourceTree = "<group>"; };
		C4AD5A5122584F0C006E3982 /* UIView+Layout.swift */ = {isa = PBXFileReference; lastKnownFileType = sourcecode.swift; path = "UIView+Layout.swift"; sourceTree = "<group>"; };
		C4AD5A5322584F59006E3982 /* BaseListController.swift */ = {isa = PBXFileReference; lastKnownFileType = sourcecode.swift; path = BaseListController.swift; sourceTree = "<group>"; };
		C4AD5A5522584FF0006E3982 /* BaseTabBarController.swift */ = {isa = PBXFileReference; lastKnownFileType = sourcecode.swift; path = BaseTabBarController.swift; sourceTree = "<group>"; };
		C4F70A6322586665007845F9 /* Extensions.swift */ = {isa = PBXFileReference; lastKnownFileType = sourcecode.swift; path = Extensions.swift; sourceTree = "<group>"; };
/* End PBXFileReference section */

/* Begin PBXFrameworksBuildPhase section */
		C4AD5A3922584EF6006E3982 /* Frameworks */ = {
			isa = PBXFrameworksBuildPhase;
			buildActionMask = 2147483647;
			files = (
			);
			runOnlyForDeploymentPostprocessing = 0;
		};
/* End PBXFrameworksBuildPhase section */

/* Begin PBXGroup section */
		C4AD5A3322584EF6006E3982 = {
			isa = PBXGroup;
			children = (
				C4AD5A3E22584EF6006E3982 /* AppStoreTodayCellAnimation */,
				C4AD5A3D22584EF6006E3982 /* Products */,
			);
			sourceTree = "<group>";
		};
		C4AD5A3D22584EF6006E3982 /* Products */ = {
			isa = PBXGroup;
			children = (
				C4AD5A3C22584EF6006E3982 /* AppStoreTodayCellAnimation.app */,
			);
			name = Products;
			sourceTree = "<group>";
		};
		C4AD5A3E22584EF6006E3982 /* AppStoreTodayCellAnimation */ = {
			isa = PBXGroup;
			children = (
				C4AD5A3F22584EF6006E3982 /* AppDelegate.swift */,
				C4F70A6322586665007845F9 /* Extensions.swift */,
				C4AD5A4122584EF6006E3982 /* TodayController.swift */,
				C4AD5A5322584F59006E3982 /* BaseListController.swift */,
				C4AD5A5122584F0C006E3982 /* UIView+Layout.swift */,
				C4AD5A5522584FF0006E3982 /* BaseTabBarController.swift */,
				C4AD5A4322584EF6006E3982 /* Main.storyboard */,
				C4AD5A4622584EF8006E3982 /* Assets.xcassets */,
				C4AD5A4822584EF8006E3982 /* LaunchScreen.storyboard */,
				C4AD5A4B22584EF8006E3982 /* Info.plist */,
			);
			path = AppStoreTodayCellAnimation;
			sourceTree = "<group>";
		};
/* End PBXGroup section */

/* Begin PBXNativeTarget section */
		C4AD5A3B22584EF6006E3982 /* AppStoreTodayCellAnimation */ = {
			isa = PBXNativeTarget;
			buildConfigurationList = C4AD5A4E22584EF8006E3982 /* Build configuration list for PBXNativeTarget "AppStoreTodayCellAnimation" */;
			buildPhases = (
				C4AD5A3822584EF6006E3982 /* Sources */,
				C4AD5A3922584EF6006E3982 /* Frameworks */,
				C4AD5A3A22584EF6006E3982 /* Resources */,
			);
			buildRules = (
			);
			dependencies = (
			);
			name = AppStoreTodayCellAnimation;
			productName = AppStoreTodayCellAnimation;
			productReference = C4AD5A3C22584EF6006E3982 /* AppStoreTodayCellAnimation.app */;
			productType = "com.apple.product-type.application";
		};
/* End PBXNativeTarget section */

/* Begin PBXProject section */
		C4AD5A3422584EF6006E3982 /* Project object */ = {
			isa = PBXProject;
			attributes = {
				LastSwiftUpdateCheck = 1020;
				LastUpgradeCheck = 1020;
				ORGANIZATIONNAME = "Tim Ng";
				TargetAttributes = {
					C4AD5A3B22584EF6006E3982 = {
						CreatedOnToolsVersion = 10.2;
					};
				};
			};
			buildConfigurationList = C4AD5A3722584EF6006E3982 /* Build configuration list for PBXProject "AppStoreTodayCellAnimation" */;
			compatibilityVersion = "Xcode 9.3";
			developmentRegion = en;
			hasScannedForEncodings = 0;
			knownRegions = (
				en,
				Base,
			);
			mainGroup = C4AD5A3322584EF6006E3982;
			productRefGroup = C4AD5A3D22584EF6006E3982 /* Products */;
			projectDirPath = "";
			projectRoot = "";
			targets = (
				C4AD5A3B22584EF6006E3982 /* AppStoreTodayCellAnimation */,
			);
		};
/* End PBXProject section */

/* Begin PBXResourcesBuildPhase section */
		C4AD5A3A22584EF6006E3982 /* Resources */ = {
			isa = PBXResourcesBuildPhase;
			buildActionMask = 2147483647;
			files = (
				C4AD5A4A22584EF8006E3982 /* LaunchScreen.storyboard in Resources */,
				C4AD5A4722584EF8006E3982 /* Assets.xcassets in Resources */,
				C4AD5A4522584EF6006E3982 /* Main.storyboard in Resources */,
			);
			runOnlyForDeploymentPostprocessing = 0;
		};
/* End PBXResourcesBuildPhase section */

/* Begin PBXSourcesBuildPhase section */
		C4AD5A3822584EF6006E3982 /* Sources */ = {
			isa = PBXSourcesBuildPhase;
			buildActionMask = 2147483647;
			files = (
				C4AD5A4222584EF6006E3982 /* TodayController.swift in Sources */,
				C4F70A6422586665007845F9 /* Extensions.swift in Sources */,
				C4AD5A4022584EF6006E3982 /* AppDelegate.swift in Sources */,
				C4AD5A5622584FF0006E3982 /* BaseTabBarController.swift in Sources */,
				C4AD5A5422584F59006E3982 /* BaseListController.swift in Sources */,
				C4AD5A5222584F0C006E3982 /* UIView+Layout.swift in Sources */,
			);
			runOnlyForDeploymentPostprocessing = 0;
		};
/* End PBXSourcesBuildPhase section */

/* Begin PBXVariantGroup section */
		C4AD5A4322584EF6006E3982 /* Main.storyboard */ = {
			isa = PBXVariantGroup;
			children = (
				C4AD5A4422584EF6006E3982 /* Base */,
			);
			name = Main.storyboard;
			sourceTree = "<group>";
		};
		C4AD5A4822584EF8006E3982 /* LaunchScreen.storyboard */ = {
			isa = PBXVariantGroup;
			children = (
				C4AD5A4922584EF8006E3982 /* Base */,
			);
			name = LaunchScreen.storyboard;
			sourceTree = "<group>";
		};
/* End PBXVariantGroup section */

/* Begin XCBuildConfiguration section */
		C4AD5A4C22584EF8006E3982 /* Debug */ = {
			isa = XCBuildConfiguration;
			buildSettings = {
				ALWAYS_SEARCH_USER_PATHS = NO;
				CLANG_ANALYZER_NONNULL = YES;
				CLANG_ANALYZER_NUMBER_OBJECT_CONVERSION = YES_AGGRESSIVE;
				CLANG_CXX_LANGUAGE_STANDARD = "gnu++14";
				CLANG_CXX_LIBRARY = "libc++";
				CLANG_ENABLE_MODULES = YES;
				CLANG_ENABLE_OBJC_ARC = YES;
				CLANG_ENABLE_OBJC_WEAK = YES;
				CLANG_WARN_BLOCK_CAPTURE_AUTORELEASING = YES;
				CLANG_WARN_BOOL_CONVERSION = YES;
				CLANG_WARN_COMMA = YES;
				CLANG_WARN_CONSTANT_CONVERSION = YES;
				CLANG_WARN_DEPRECATED_OBJC_IMPLEMENTATIONS = YES;
				CLANG_WARN_DIRECT_OBJC_ISA_USAGE = YES_ERROR;
				CLANG_WARN_DOCUMENTATION_COMMENTS = YES;
				CLANG_WARN_EMPTY_BODY = YES;
				CLANG_WARN_ENUM_CONVERSION = YES;
				CLANG_WARN_INFINITE_RECURSION = YES;
				CLANG_WARN_INT_CONVERSION = YES;
				CLANG_WARN_NON_LITERAL_NULL_CONVERSION = YES;
				CLANG_WARN_OBJC_IMPLICIT_RETAIN_SELF = YES;
				CLANG_WARN_OBJC_LITERAL_CONVERSION = YES;
				CLANG_WARN_OBJC_ROOT_CLASS = YES_ERROR;
				CLANG_WARN_RANGE_LOOP_ANALYSIS = YES;
				CLANG_WARN_STRICT_PROTOTYPES = YES;
				CLANG_WARN_SUSPICIOUS_MOVE = YES;
				CLANG_WARN_UNGUARDED_AVAILABILITY = YES_AGGRESSIVE;
				CLANG_WARN_UNREACHABLE_CODE = YES;
				CLANG_WARN__DUPLICATE_METHOD_MATCH = YES;
				CODE_SIGN_IDENTITY = "iPhone Developer";
				COPY_PHASE_STRIP = NO;
				DEBUG_INFORMATION_FORMAT = dwarf;
				ENABLE_STRICT_OBJC_MSGSEND = YES;
				ENABLE_TESTABILITY = YES;
				GCC_C_LANGUAGE_STANDARD = gnu11;
				GCC_DYNAMIC_NO_PIC = NO;
				GCC_NO_COMMON_BLOCKS = YES;
				GCC_OPTIMIZATION_LEVEL = 0;
				GCC_PREPROCESSOR_DEFINITIONS = (
					"DEBUG=1",
					"$(inherited)",
				);
				GCC_WARN_64_TO_32_BIT_CONVERSION = YES;
				GCC_WARN_ABOUT_RETURN_TYPE = YES_ERROR;
				GCC_WARN_UNDECLARED_SELECTOR = YES;
				GCC_WARN_UNINITIALIZED_AUTOS = YES_AGGRESSIVE;
				GCC_WARN_UNUSED_FUNCTION = YES;
				GCC_WARN_UNUSED_VARIABLE = YES;
				IPHONEOS_DEPLOYMENT_TARGET = 12.2;
				MTL_ENABLE_DEBUG_INFO = INCLUDE_SOURCE;
				MTL_FAST_MATH = YES;
				ONLY_ACTIVE_ARCH = YES;
				SDKROOT = iphoneos;
				SWIFT_ACTIVE_COMPILATION_CONDITIONS = DEBUG;
				SWIFT_OPTIMIZATION_LEVEL = "-Onone";
			};
			name = Debug;
		};
		C4AD5A4D22584EF8006E3982 /* Release */ = {
			isa = XCBuildConfiguration;
			buildSettings = {
				ALWAYS_SEARCH_USER_PATHS = NO;
				CLANG_ANALYZER_NONNULL = YES;
				CLANG_ANALYZER_NUMBER_OBJECT_CONVERSION = YES_AGGRESSIVE;
				CLANG_CXX_LANGUAGE_STANDARD = "gnu++14";
				CLANG_CXX_LIBRARY = "libc++";
				CLANG_ENABLE_MODULES = YES;
				CLANG_ENABLE_OBJC_ARC = YES;
				CLANG_ENABLE_OBJC_WEAK = YES;
				CLANG_WARN_BLOCK_CAPTURE_AUTORELEASING = YES;
				CLANG_WARN_BOOL_CONVERSION = YES;
				CLANG_WARN_COMMA = YES;
				CLANG_WARN_CONSTANT_CONVERSION = YES;
				CLANG_WARN_DEPRECATED_OBJC_IMPLEMENTATIONS = YES;
				CLANG_WARN_DIRECT_OBJC_ISA_USAGE = YES_ERROR;
				CLANG_WARN_DOCUMENTATION_COMMENTS = YES;
				CLANG_WARN_EMPTY_BODY = YES;
				CLANG_WARN_ENUM_CONVERSION = YES;
				CLANG_WARN_INFINITE_RECURSION = YES;
				CLANG_WARN_INT_CONVERSION = YES;
				CLANG_WARN_NON_LITERAL_NULL_CONVERSION = YES;
				CLANG_WARN_OBJC_IMPLICIT_RETAIN_SELF = YES;
				CLANG_WARN_OBJC_LITERAL_CONVERSION = YES;
				CLANG_WARN_OBJC_ROOT_CLASS = YES_ERROR;
				CLANG_WARN_RANGE_LOOP_ANALYSIS = YES;
				CLANG_WARN_STRICT_PROTOTYPES = YES;
				CLANG_WARN_SUSPICIOUS_MOVE = YES;
				CLANG_WARN_UNGUARDED_AVAILABILITY = YES_AGGRESSIVE;
				CLANG_WARN_UNREACHABLE_CODE = YES;
				CLANG_WARN__DUPLICATE_METHOD_MATCH = YES;
				CODE_SIGN_IDENTITY = "iPhone Developer";
				COPY_PHASE_STRIP = NO;
				DEBUG_INFORMATION_FORMAT = "dwarf-with-dsym";
				ENABLE_NS_ASSERTIONS = NO;
				ENABLE_STRICT_OBJC_MSGSEND = YES;
				GCC_C_LANGUAGE_STANDARD = gnu11;
				GCC_NO_COMMON_BLOCKS = YES;
				GCC_WARN_64_TO_32_BIT_CONVERSION = YES;
				GCC_WARN_ABOUT_RETURN_TYPE = YES_ERROR;
				GCC_WARN_UNDECLARED_SELECTOR = YES;
				GCC_WARN_UNINITIALIZED_AUTOS = YES_AGGRESSIVE;
				GCC_WARN_UNUSED_FUNCTION = YES;
				GCC_WARN_UNUSED_VARIABLE = YES;
				IPHONEOS_DEPLOYMENT_TARGET = 12.2;
				MTL_ENABLE_DEBUG_INFO = NO;
				MTL_FAST_MATH = YES;
				SDKROOT = iphoneos;
				SWIFT_COMPILATION_MODE = wholemodule;
				SWIFT_OPTIMIZATION_LEVEL = "-O";
				VALIDATE_PRODUCT = YES;
			};
			name = Release;
		};
		C4AD5A4F22584EF8006E3982 /* Debug */ = {
			isa = XCBuildConfiguration;
			buildSettings = {
				ASSETCATALOG_COMPILER_APPICON_NAME = AppIcon;
				CODE_SIGN_STYLE = Automatic;
				DEVELOPMENT_TEAM = 8FEPG5HWR5;
				INFOPLIST_FILE = AppStoreTodayCellAnimation/Info.plist;
				LD_RUNPATH_SEARCH_PATHS = (
					"$(inherited)",
					"@executable_path/Frameworks",
				);
				PRODUCT_BUNDLE_IDENTIFIER = com.timng.AppStoreTodayCellAnimation;
				PRODUCT_NAME = "$(TARGET_NAME)";
				SWIFT_VERSION = 5.0;
				TARGETED_DEVICE_FAMILY = "1,2";
			};
			name = Debug;
		};
		C4AD5A5022584EF8006E3982 /* Release */ = {
			isa = XCBuildConfiguration;
			buildSettings = {
				ASSETCATALOG_COMPILER_APPICON_NAME = AppIcon;
				CODE_SIGN_STYLE = Automatic;
				DEVELOPMENT_TEAM = 8FEPG5HWR5;
				INFOPLIST_FILE = AppStoreTodayCellAnimation/Info.plist;
				LD_RUNPATH_SEARCH_PATHS = (
					"$(inherited)",
					"@executable_path/Frameworks",
				);
				PRODUCT_BUNDLE_IDENTIFIER = com.timng.AppStoreTodayCellAnimation;
				PRODUCT_NAME = "$(TARGET_NAME)";
				SWIFT_VERSION = 5.0;
				TARGETED_DEVICE_FAMILY = "1,2";
			};
			name = Release;
		};
/* End XCBuildConfiguration section */

/* Begin XCConfigurationList section */
		C4AD5A3722584EF6006E3982 /* Build configuration list for PBXProject "AppStoreTodayCellAnimation" */ = {
			isa = XCConfigurationList;
			buildConfigurations = (
				C4AD5A4C22584EF8006E3982 /* Debug */,
				C4AD5A4D22584EF8006E3982 /* Release */,
			);
			defaultConfigurationIsVisible = 0;
			defaultConfigurationName = Release;
		};
		C4AD5A4E22584EF8006E3982 /* Build configuration list for PBXNativeTarget "AppStoreTodayCellAnimation" */ = {
			isa = XCConfigurationList;
			buildConfigurations = (
				C4AD5A4F22584EF8006E3982 /* Debug */,
				C4AD5A5022584EF8006E3982 /* Release */,
			);
			defaultConfigurationIsVisible = 0;
			defaultConfigurationName = Release;
		};
/* End XCConfigurationList section */
	};
	rootObject = C4AD5A3422584EF6006E3982 /* Project object */;
}
